
Microsoft Visual Studio Solution File, Format Version 12.00
# Visual Studio 15
VisualStudioVersion = 15.0.26730.16
MinimumVisualStudioVersion = 10.0.40219.1
Project("{9A19103F-16F7-4668-BE54-9A1E7A4F7556}") = "RomainConvert", "RomainConvert\RomainConvert.csproj", "{8F34EF4E-9A6C-421C-BC0A-D0BCDAD34A55}"
EndProject
Project("{9A19103F-16F7-4668-BE54-9A1E7A4F7556}") = "TestRomainConvert", "TestRomainConvert\TestRomainConvert.csproj", "{128B62EF-BAC3-4E79-A60A-DA9C845BF0E7}"
	ProjectSection(ProjectDependencies) = postProject
		{8F34EF4E-9A6C-421C-BC0A-D0BCDAD34A55} = {8F34EF4E-9A6C-421C-BC0A-D0BCDAD34A55}
		{E09F6399-C53C-4686-9B49-1DEA40E68652} = {E09F6399-C53C-4686-9B49-1DEA40E68652}
	EndProjectSection
EndProject
Project("{9A19103F-16F7-4668-BE54-9A1E7A4F7556}") = "LibraryRomainConvert", "LibraryRomainConvert\LibraryRomainConvert.csproj", "{E09F6399-C53C-4686-9B49-1DEA40E68652}"
EndProject
Project("{2150E333-8FDC-42A3-9474-1A3956D46DE8}") = "Solution Items", "Solution Items", "{840FFD35-4104-456E-AE3D-2A7BF0FF1817}"
	ProjectSection(SolutionItems) = preProject
		.travis.yml = .travis.yml
	EndProjectSection
EndProject
Global
	GlobalSection(SolutionConfigurationPlatforms) = preSolution
		Debug|Any CPU = Debug|Any CPU
		Release|Any CPU = Release|Any CPU
	EndGlobalSection
	GlobalSection(ProjectConfigurationPlatforms) = postSolution
		{8F34EF4E-9A6C-421C-BC0A-D0BCDAD34A55}.Debug|Any CPU.ActiveCfg = Debug|Any CPU
		{8F34EF4E-9A6C-421C-BC0A-D0BCDAD34A55}.Debug|Any CPU.Build.0 = Debug|Any CPU
		{8F34EF4E-9A6C-421C-BC0A-D0BCDAD34A55}.Release|Any CPU.ActiveCfg = Release|Any CPU
		{8F34EF4E-9A6C-421C-BC0A-D0BCDAD34A55}.Release|Any CPU.Build.0 = Release|Any CPU
		{128B62EF-BAC3-4E79-A60A-DA9C845BF0E7}.Debug|Any CPU.ActiveCfg = Debug|Any CPU
		{128B62EF-BAC3-4E79-A60A-DA9C845BF0E7}.Debug|Any CPU.Build.0 = Debug|Any CPU
		{128B62EF-BAC3-4E79-A60A-DA9C845BF0E7}.Release|Any CPU.ActiveCfg = Release|Any CPU
		{128B62EF-BAC3-4E79-A60A-DA9C845BF0E7}.Release|Any CPU.Build.0 = Release|Any CPU
		{E09F6399-C53C-4686-9B49-1DEA40E68652}.Debug|Any CPU.ActiveCfg = Debug|Any CPU
		{E09F6399-C53C-4686-9B49-1DEA40E68652}.Debug|Any CPU.Build.0 = Debug|Any CPU
		{E09F6399-C53C-4686-9B49-1DEA40E68652}.Release|Any CPU.ActiveCfg = Release|Any CPU
		{E09F6399-C53C-4686-9B49-1DEA40E68652}.Release|Any CPU.Build.0 = Release|Any CPU
	EndGlobalSection
	GlobalSection(SolutionProperties) = preSolution
		HideSolutionNode = FALSE
	EndGlobalSection
	GlobalSection(ExtensibilityGlobals) = postSolution
		SolutionGuid = {D97437FB-9B69-4E84-865C-7E315451C35C}
	EndGlobalSection
EndGlobal
